
Microsoft Visual Studio Solution File, Format Version 12.00
# Visual Studio Version 16
VisualStudioVersion = 16.0.29519.181
MinimumVisualStudioVersion = 10.0.40219.1
Project("{FAE04EC0-301F-11D3-BF4B-00C04F79EFBC}") = "Dcis.Am.Ram.Mock", "Dcis.Am.Ram.Mock.csproj", "{F6EF9DBB-4D6B-4666-8D50-BC7B0822943B}"
EndProject
Global
	GlobalSection(SolutionConfigurationPlatforms) = preSolution
		Debug|Any CPU = Debug|Any CPU
		Release|Any CPU = Release|Any CPU
	EndGlobalSection
	GlobalSection(ProjectConfigurationPlatforms) = postSolution
		{F6EF9DBB-4D6B-4666-8D50-BC7B0822943B}.Debug|Any CPU.ActiveCfg = Debug|Any CPU
		{F6EF9DBB-4D6B-4666-8D50-BC7B0822943B}.Debug|Any CPU.Build.0 = Debug|Any CPU
		{F6EF9DBB-4D6B-4666-8D50-BC7B0822943B}.Release|Any CPU.ActiveCfg = Release|Any CPU
		{F6EF9DBB-4D6B-4666-8D50-BC7B0822943B}.Release|Any CPU.Build.0 = Release|Any CPU
	EndGlobalSection
	GlobalSection(SolutionProperties) = preSolution
		HideSolutionNode = FALSE
	EndGlobalSection
	GlobalSection(ExtensibilityGlobals) = postSolution
		SolutionGuid = {2EE9A2C7-0B29-4441-B771-F877E6C4AB00}
	EndGlobalSection
EndGlobal
